{
  "version": "2",
  "remote": {
    "https://cdn.jsdelivr.net/npm/@unocss/runtime/uno.global.js": "1b6fbf0089c3186ed1809025be4625abb0d9c44d459b0492a39904e2391c3376",
    "https://esm.sh/bootstrap@5.3.0-alpha1/dist/js/bootstrap.bundle.min.js": "6a97b3b54e39565f5a154cfd12752057d09002bfab74d747f5ad34c6c4376139",
    "https://esm.sh/petite-vue@0.4.1": "1fc7756908bdc5b27a2e38d776c474cc4ac68d4b54093dee9c55a52b3014a36b",
    "https://esm.sh/toastify-js@1.12.0": "e2dba4d0e8a1e4211aea0040c6451900740ed80039c4e05dd873bb3b2212ff36",
    "https://esm.sh/v111/@types/toastify-js@1.11.1/index.d.ts": "d0c96969825fa3452a5100be43f4bdcf30a84f268b093150390e550aef26a61f",
    "https://esm.sh/v111/@vue/reactivity@3.2.47/dist/reactivity.d.ts": "7182e4749b532490201420845138d3d3d411c04feb14730c03c78aaf39812627",
    "https://esm.sh/v111/@vue/shared@3.2.47/dist/shared.d.ts": "10bc9999456a9cc0ee0c3a4918db22d27365728b92bf57b900ae6fd8f7359403",
    "https://esm.sh/v111/bootstrap@5.3.0-alpha1/deno/dist/js/bootstrap.bundle.min.js": "1de0c895cd958eab4631fc65f87ef91c6b1024f6dba863c105e828525c4dfdc0",
    "https://esm.sh/v111/petite-vue@0.4.1/deno/petite-vue.js": "2778d9e5373f8861c1d40841789cb972c9fee87b865e8363055306fe762a99ce",
    "https://esm.sh/v111/petite-vue@0.4.1/dist/types/app.d.ts": "99a2b8b754b221ac623982170c553873afeb58db97d3eaa4543ccd7b40960a37",
    "https://esm.sh/v111/petite-vue@0.4.1/dist/types/block.d.ts": "9d73d663d9ee7afd3b86f6dbe11d1c196f2b80c8a067f1f89f109cab3eba7431",
    "https://esm.sh/v111/petite-vue@0.4.1/dist/types/context.d.ts": "515ab2c46aff14c2ed9ebfc405c8198191a7be2a55804714f1953597221f6755",
    "https://esm.sh/v111/petite-vue@0.4.1/dist/types/directives/index.d.ts": "8e20e79b20573f6512b703c45c5108849a004bd45e8f1be35a6f5ff4253f37ec",
    "https://esm.sh/v111/petite-vue@0.4.1/dist/types/index.d.ts": "1665d3d7ca0f0339ab60a3188caef1da8b3bcd120b1f248fb069e10aee3437f4",
    "https://esm.sh/v111/petite-vue@0.4.1/dist/types/scheduler.d.ts": "2f4417588df53ede2b8b76a8bb1f857c61e1a0efeff0fcb54fea8c0afe30bf70",
    "https://esm.sh/v111/toastify-js@1.12.0/deno/toastify-js.js": "58ccecc3e560d21016aa074f644e63e6d72a49c43697ec1295c84c832507a50e"
  },
  "npm": {
    "specifiers": {
      "@unocss/runtime": "@unocss/runtime@0.50.3"
    },
    "packages": {
      "@unocss/core@0.50.3": {
        "integrity": "sha512-bS9FpI7+kQ2LijNucTze7grA+HPk556ctGNUNYt/CMDkFt/+7beV0j4QQMp2g/JEZOgPtFHusHJfSNcAhkDL4Q==",
        "dependencies": {}
      },
      "@unocss/preset-attributify@0.50.3": {
        "integrity": "sha512-Zc0+9QTiW9QEd48+EPfEuPN8aszOHCzluy7NG0MxPErS9Os7ryu/mCKtR4IEHO8cYE/AJgxg2RO0kDCOuY0XJw==",
        "dependencies": {
          "@unocss/core": "@unocss/core@0.50.3"
        }
      },
      "@unocss/preset-mini@0.50.3": {
        "integrity": "sha512-QZDNM0Ivd9rS9UB3u+A2lTl9tIQxVJkdIUhJ9R6uINIqK0o7+B9X2LN+Kn14x1RsWympzVPk1KaRty+OWdSDOw==",
        "dependencies": {
          "@unocss/core": "@unocss/core@0.50.3"
        }
      },
      "@unocss/preset-uno@0.50.3": {
        "integrity": "sha512-IlgC/AJLw0hcRvnH4b7Htd+crkJpMAXo4dHfPec3QaLufqSUITW4ygqZCcEnRLENAgbS5a2RP4j00yztWd6mng==",
        "dependencies": {
          "@unocss/core": "@unocss/core@0.50.3",
          "@unocss/preset-mini": "@unocss/preset-mini@0.50.3",
          "@unocss/preset-wind": "@unocss/preset-wind@0.50.3"
        }
      },
      "@unocss/preset-wind@0.50.3": {
        "integrity": "sha512-uSsgIEr8ORBH91FAvF+UfXpu/wrc4TKJOh0Ti6hdbL0cj25HGScN+3i8o43Mr2GkSEPXn87mHoy5krRLIDf37Q==",
        "dependencies": {
          "@unocss/core": "@unocss/core@0.50.3",
          "@unocss/preset-mini": "@unocss/preset-mini@0.50.3"
        }
      },
      "@unocss/runtime@0.50.3": {
        "integrity": "sha512-SYxKbucZArSdNcgi2ii91d4Rxfd9qTbeM3Q6aXYyJb4Bn4N65WnFfaCGK14Y2E1c56z7fkAt2Y0YcIAr1aGTRg==",
        "dependencies": {
          "@unocss/core": "@unocss/core@0.50.3",
          "@unocss/preset-attributify": "@unocss/preset-attributify@0.50.3",
          "@unocss/preset-uno": "@unocss/preset-uno@0.50.3"
        }
      }
    }
  }
}
